
Microsoft Visual Studio Solution File, Format Version 12.00
# Visual Studio Version 17
VisualStudioVersion = 17.14.36301.6 d17.14
MinimumVisualStudioVersion = 10.0.40219.1
Project("{FAE04EC0-301F-11D3-BF4B-00C04F79EFBC}") = "MainProgram", "MainProgram.csproj", "{DFBAABED-8C51-45A2-ADB4-DBED9F497599}"
EndProject
Global
	GlobalSection(SolutionConfigurationPlatforms) = preSolution
		Debug|Any CPU = Debug|Any CPU
		Release|Any CPU = Release|Any CPU
	EndGlobalSection
	GlobalSection(ProjectConfigurationPlatforms) = postSolution
		{DFBAABED-8C51-45A2-ADB4-DBED9F497599}.Debug|Any CPU.ActiveCfg = Debug|Any CPU
		{DFBAABED-8C51-45A2-ADB4-DBED9F497599}.Debug|Any CPU.Build.0 = Debug|Any CPU
		{DFBAABED-8C51-45A2-ADB4-DBED9F497599}.Release|Any CPU.ActiveCfg = Release|Any CPU
		{DFBAABED-8C51-45A2-ADB4-DBED9F497599}.Release|Any CPU.Build.0 = Release|Any CPU
	EndGlobalSection
	GlobalSection(SolutionProperties) = preSolution
		HideSolutionNode = FALSE
	EndGlobalSection
	GlobalSection(ExtensibilityGlobals) = postSolution
		SolutionGuid = {D7304F64-D775-4989-96B8-421B97B12B4B}
	EndGlobalSection
EndGlobal
